{
  "nodes": {
    "disko": {
      "inputs": {
        "nixpkgs": [
          "nix-system",
          "nixpkgs"
        ]
      },
      "locked": {
        "lastModified": 1715070411,
        "narHash": "sha256-5CNvkH0Nf7yMwgKhjUNg/lUK40C7DXB4zKOuA2jVO90=",
        "owner": "nix-community",
        "repo": "disko",
        "rev": "4677f6c53482a8b01ee93957e3bdd569d51261d6",
        "type": "github"
      },
      "original": {
        "owner": "nix-community",
        "ref": "v1.6.1",
        "repo": "disko",
        "type": "github"
      }
    },
    "flake-parts": {
      "inputs": {
        "nixpkgs-lib": "nixpkgs-lib"
      },
      "locked": {
        "lastModified": 1735774679,
        "narHash": "sha256-soePLBazJk0qQdDVhdbM98vYdssfs3WFedcq+raipRI=",
        "owner": "hercules-ci",
        "repo": "flake-parts",
        "rev": "f2f7418ce0ab4a5309a4596161d154cfc877af66",
        "type": "github"
      },
      "original": {
        "owner": "hercules-ci",
        "repo": "flake-parts",
        "type": "github"
      }
    },
    "home-manager": {
      "inputs": {
        "nixpkgs": [
          "nix-system",
          "nixpkgs"
        ]
      },
      "locked": {
        "lastModified": 1726989464,
        "narHash": "sha256-Vl+WVTJwutXkimwGprnEtXc/s/s8sMuXzqXaspIGlwM=",
        "owner": "nix-community",
        "repo": "home-manager",
        "rev": "2f23fa308a7c067e52dfcc30a0758f47043ec176",
        "type": "github"
      },
      "original": {
        "owner": "nix-community",
        "ref": "release-24.05",
        "repo": "home-manager",
        "type": "github"
      }
    },
    "home-manager-unstable": {
      "inputs": {
        "nixpkgs": [
          "nix-system",
          "nixpkgs-unstable"
        ]
      },
      "locked": {
        "lastModified": 1736089250,
        "narHash": "sha256-/LPWMiiJGPHGd7ZYEgmbE2da4zvBW0acmshUjYC3WG4=",
        "owner": "nix-community",
        "repo": "home-manager",
        "rev": "172b91bfb2b7f5c4a8c6ceac29fd53a01ef07196",
        "type": "github"
      },
      "original": {
        "owner": "nix-community",
        "repo": "home-manager",
        "type": "github"
      }
    },
    "nix-system": {
      "inputs": {
        "disko": "disko",
        "flake-parts": "flake-parts",
        "home-manager": "home-manager",
        "home-manager-unstable": "home-manager-unstable",
        "nixos-hardware": "nixos-hardware",
        "nixpkgs": [
          "nixpkgs"
        ],
        "nixpkgs-unstable": [
          "nixpkgs-unstable"
        ]
      },
      "locked": {
        "lastModified": 1736132497,
        "narHash": "sha256-6CHiBPaKZtbKUGDjEcsKh/Jr1ncoQlgVu0T+QCLruQ0=",
        "owner": "Alxandr",
        "repo": "nix-system",
        "rev": "2e52d08731c134051239d461f58b2a20b177eafe",
        "type": "github"
      },
      "original": {
        "owner": "Alxandr",
        "repo": "nix-system",
        "type": "github"
      }
    },
    "nixos-hardware": {
      "locked": {
        "lastModified": 1735388221,
        "narHash": "sha256-e5IOgjQf0SZcFCEV/gMGrsI0gCJyqOKShBQU0iiM3Kg=",
        "owner": "NixOS",
        "repo": "nixos-hardware",
        "rev": "7c674c6734f61157e321db595dbfcd8523e04e19",
        "type": "github"
      },
      "original": {
        "owner": "NixOS",
        "ref": "master",
        "repo": "nixos-hardware",
        "type": "github"
      }
    },
    "nixpkgs": {
      "locked": {
        "lastModified": 1720535198,
        "narHash": "sha256-zwVvxrdIzralnSbcpghA92tWu2DV2lwv89xZc8MTrbg=",
        "owner": "nixos",
        "repo": "nixpkgs",
        "rev": "205fd4226592cc83fd4c0885a3e4c9c400efabb5",
        "type": "github"
      },
      "original": {
        "owner": "nixos",
        "ref": "nixos-23.11",
        "repo": "nixpkgs",
        "type": "github"
      }
    },
    "nixpkgs-lib": {
      "locked": {
        "lastModified": 1735774519,
        "narHash": "sha256-CewEm1o2eVAnoqb6Ml+Qi9Gg/EfNAxbRx1lANGVyoLI=",
        "type": "tarball",
        "url": "https://github.com/NixOS/nixpkgs/archive/e9b51731911566bbf7e4895475a87fe06961de0b.tar.gz"
      },
      "original": {
        "type": "tarball",
        "url": "https://github.com/NixOS/nixpkgs/archive/e9b51731911566bbf7e4895475a87fe06961de0b.tar.gz"
      }
    },
    "nixpkgs-unstable": {
      "locked": {
        "lastModified": 1736344531,
        "narHash": "sha256-8YVQ9ZbSfuUk2bUf2KRj60NRraLPKPS0Q4QFTbc+c2c=",
        "owner": "nixos",
        "repo": "nixpkgs",
        "rev": "bffc22eb12172e6db3c5dde9e3e5628f8e3e7912",
        "type": "github"
      },
      "original": {
        "owner": "nixos",
        "ref": "nixos-unstable",
        "repo": "nixpkgs",
        "type": "github"
      }
    },
    "root": {
      "inputs": {
        "nix-system": "nix-system",
        "nixpkgs": "nixpkgs",
        "nixpkgs-unstable": "nixpkgs-unstable"
      }
    }
  },
  "root": "root",
  "version": 7
}
