{
  "nodes": {
    "disko": {
      "inputs": {
        "nixpkgs": [
          "nix-system",
          "nixpkgs"
        ]
      },
      "locked": {
        "lastModified": 1715070411,
        "narHash": "sha256-5CNvkH0Nf7yMwgKhjUNg/lUK40C7DXB4zKOuA2jVO90=",
        "owner": "nix-community",
        "repo": "disko",
        "rev": "4677f6c53482a8b01ee93957e3bdd569d51261d6",
        "type": "github"
      },
      "original": {
        "owner": "nix-community",
        "ref": "v1.6.1",
        "repo": "disko",
        "type": "github"
      }
    },
    "flake-parts": {
      "inputs": {
        "nixpkgs-lib": "nixpkgs-lib"
      },
      "locked": {
        "lastModified": 1727826117,
        "narHash": "sha256-K5ZLCyfO/Zj9mPFldf3iwS6oZStJcU4tSpiXTMYaaL0=",
        "owner": "hercules-ci",
        "repo": "flake-parts",
        "rev": "3d04084d54bedc3d6b8b736c70ef449225c361b1",
        "type": "github"
      },
      "original": {
        "owner": "hercules-ci",
        "repo": "flake-parts",
        "type": "github"
      }
    },
    "home-manager": {
      "inputs": {
        "nixpkgs": [
          "nix-system",
          "nixpkgs"
        ]
      },
      "locked": {
        "lastModified": 1726989464,
        "narHash": "sha256-Vl+WVTJwutXkimwGprnEtXc/s/s8sMuXzqXaspIGlwM=",
        "owner": "nix-community",
        "repo": "home-manager",
        "rev": "2f23fa308a7c067e52dfcc30a0758f47043ec176",
        "type": "github"
      },
      "original": {
        "owner": "nix-community",
        "ref": "release-24.05",
        "repo": "home-manager",
        "type": "github"
      }
    },
    "home-manager-unstable": {
      "inputs": {
        "nixpkgs": [
          "nix-system",
          "nixpkgs-unstable"
        ]
      },
      "locked": {
        "lastModified": 1729459288,
        "narHash": "sha256-gBOVJv+q6Mx8jGvwX7cE6J8+sZmi1uxpRVsO7WxvVuQ=",
        "owner": "nix-community",
        "repo": "home-manager",
        "rev": "1e27f213d77fc842603628bcf2df6681d7d08f7e",
        "type": "github"
      },
      "original": {
        "owner": "nix-community",
        "repo": "home-manager",
        "type": "github"
      }
    },
    "nix-system": {
      "inputs": {
        "disko": "disko",
        "flake-parts": "flake-parts",
        "home-manager": "home-manager",
        "home-manager-unstable": "home-manager-unstable",
        "nixos-hardware": "nixos-hardware",
        "nixpkgs": [
          "nixpkgs"
        ],
        "nixpkgs-unstable": [
          "nixpkgs-unstable"
        ]
      },
      "locked": {
        "lastModified": 1729479818,
        "narHash": "sha256-pl9QLVjABxk3gKS80mtfKJHWKYf1SaDXz5KAQUiYOOU=",
        "owner": "Alxandr",
        "repo": "nix-system",
        "rev": "2a104cae04449ba333487ac2e014a9ce7b38f155",
        "type": "github"
      },
      "original": {
        "owner": "Alxandr",
        "repo": "nix-system",
        "type": "github"
      }
    },
    "nixos-hardware": {
      "locked": {
        "lastModified": 1729455275,
        "narHash": "sha256-THqzn/7um3oMHUEGXyq+1CJQE7EogwR3HjLMNOlhFBE=",
        "owner": "NixOS",
        "repo": "nixos-hardware",
        "rev": "9fcf30fccf8435f6390efec4a4d38e69c2268a36",
        "type": "github"
      },
      "original": {
        "owner": "NixOS",
        "ref": "master",
        "repo": "nixos-hardware",
        "type": "github"
      }
    },
    "nixpkgs": {
      "locked": {
        "lastModified": 1720535198,
        "narHash": "sha256-zwVvxrdIzralnSbcpghA92tWu2DV2lwv89xZc8MTrbg=",
        "owner": "nixos",
        "repo": "nixpkgs",
        "rev": "205fd4226592cc83fd4c0885a3e4c9c400efabb5",
        "type": "github"
      },
      "original": {
        "owner": "nixos",
        "ref": "nixos-23.11",
        "repo": "nixpkgs",
        "type": "github"
      }
    },
    "nixpkgs-lib": {
      "locked": {
        "lastModified": 1727825735,
        "narHash": "sha256-0xHYkMkeLVQAMa7gvkddbPqpxph+hDzdu1XdGPJR+Os=",
        "type": "tarball",
        "url": "https://github.com/NixOS/nixpkgs/archive/fb192fec7cc7a4c26d51779e9bab07ce6fa5597a.tar.gz"
      },
      "original": {
        "type": "tarball",
        "url": "https://github.com/NixOS/nixpkgs/archive/fb192fec7cc7a4c26d51779e9bab07ce6fa5597a.tar.gz"
      }
    },
    "nixpkgs-unstable": {
      "locked": {
        "lastModified": 1729413321,
        "narHash": "sha256-I4tuhRpZFa6Fu6dcH9Dlo5LlH17peT79vx1y1SpeKt0=",
        "owner": "nixos",
        "repo": "nixpkgs",
        "rev": "1997e4aa514312c1af7e2bda7fad1644e778ff26",
        "type": "github"
      },
      "original": {
        "owner": "nixos",
        "ref": "nixos-unstable",
        "repo": "nixpkgs",
        "type": "github"
      }
    },
    "root": {
      "inputs": {
        "nix-system": "nix-system",
        "nixpkgs": "nixpkgs",
        "nixpkgs-unstable": "nixpkgs-unstable"
      }
    }
  },
  "root": "root",
  "version": 7
}
