name: update-flake-lock
on:
  workflow_dispatch: # allows manual triggering
  schedule:
    - cron: "0 0 * * 0" # runs weekly on Sunday at 00:00

jobs:
  lockfile:
    runs-on: ubuntu-latest

    permissions:
      contents: write
      pull-requests: write

    steps:
      - name: Checkout repository
        uses: actions/checkout@v4

      - name: Install Nix
        uses: DeterminateSystems/nix-installer-action@v4

      - name: Setup Nix cache
        uses: DeterminateSystems/magic-nix-cache-action@v2

      - name: Update flake.lock
        uses: DeterminateSystems/update-flake-lock@v20
        with:
          git-author-name: "lockfile-updater[bot]"
          git-author-email: "lockfile-updater[bot]@users.noreply.github.com"
          git-committer-name: "lockfile-updater[bot]"
          git-committer-email: "lockfile-updater[bot]@users.noreply.github.com"
          branch: deps/update-flake-lock # Branch to commit changes to
          pr-title: "Update flake.lock" # Title of PR to be created
          pr-labels: | # Labels to be set on the PR
            dependencies
            automerge
            autoapprove
