name: update-flake-lock
on:
  workflow_dispatch: # allows manual triggering
  schedule:
    - cron: "0 0 * * 0" # runs weekly on Sunday at 00:00

jobs:
  lockfile:
    runs-on: ubuntu-latest

    permissions:
      contents: write
      pull-requests: write

    steps:
      - name: Generate GitHub token
        uses: actions/create-github-app-token@v2
        id: app-token
        with:
          app-id: ${{ secrets.DEPS_BOT_APP_ID }}
          private-key: ${{ secrets.DEPS_BOT_APP_KEY }}

      - name: Checkout repository
        uses: actions/checkout@v4

      - name: Install Nix
        uses: nixbuild/nix-quick-install-action@v32
        with:
          github_access_token: ${{ secrets.GITHUB_TOKEN }}

      - name: Update flake.lock
        uses: DeterminateSystems/update-flake-lock@v26
        with:
          token: ${{ steps.app-token.outputs.token }}
          git-author-name: "lockfile-updater[bot]"
          git-author-email: "lockfile-updater[bot]@users.noreply.github.com"
          git-committer-name: "lockfile-updater[bot]"
          git-committer-email: "lockfile-updater[bot]@users.noreply.github.com"
          branch: deps/update-flake-lock # Branch to commit changes to
          pr-title: "Update flake.lock" # Title of PR to be created
          pr-labels: | # Labels to be set on the PR
            dependencies
            automerge
            autoapprove
